// !$*UTF8*$!
{
	archiveVersion = 1;
	classes = {
	};
	objectVersion = 46;
	objects = {

/* Begin PBXBuildFile section */
		5A167CFA1BA81FF9000A6633 /* AppDelegate.m in Sources */ = {isa = PBXBuildFile; fileRef = 5A167CEB1BA81FF9000A6633 /* AppDelegate.m */; };
		5A167CFB1BA81FF9000A6633 /* CarTableViewCell.m in Sources */ = {isa = PBXBuildFile; fileRef = 5A167CED1BA81FF9000A6633 /* CarTableViewCell.m */; };
		5A167CFC1BA81FF9000A6633 /* CarTableViewController.m in Sources */ = {isa = PBXBuildFile; fileRef = 5A167CEF1BA81FF9000A6633 /* CarTableViewController.m */; };
		5A167CFD1BA81FF9000A6633 /* Images.xcassets in Resources */ = {isa = PBXBuildFile; fileRef = 5A167CF01BA81FF9000A6633 /* Images.xcassets */; };
		5A167CFE1BA81FF9000A6633 /* Info.plist in Resources */ = {isa = PBXBuildFile; fileRef = 5A167CF11BA81FF9000A6633 /* Info.plist */; };
		5A167D001BA81FF9000A6633 /* LaunchScreen.xib in Resources */ = {isa = PBXBuildFile; fileRef = 5A167CF31BA81FF9000A6633 /* LaunchScreen.xib */; };
		5A167D011BA81FF9000A6633 /* main.m in Sources */ = {isa = PBXBuildFile; fileRef = 5A167CF41BA81FF9000A6633 /* main.m */; };
		5A167D021BA81FF9000A6633 /* Main.storyboard in Resources */ = {isa = PBXBuildFile; fileRef = 5A167CF51BA81FF9000A6633 /* Main.storyboard */; };
		5A167D031BA81FF9000A6633 /* Scene2ViewController.m in Sources */ = {isa = PBXBuildFile; fileRef = 5A167CF71BA81FF9000A6633 /* Scene2ViewController.m */; };
		5A167D041BA81FF9000A6633 /* UnitConverterViewController.m in Sources */ = {isa = PBXBuildFile; fileRef = 5A167CF91BA81FF9000A6633 /* UnitConverterViewController.m */; };
		5A167D0C1BA82150000A6633 /* carImages in Resources */ = {isa = PBXBuildFile; fileRef = 5A167D0B1BA82150000A6633 /* carImages */; };
		5AD56CAF1BA29D2D00237836 /* iOSTestTests.m in Sources */ = {isa = PBXBuildFile; fileRef = 5AD56CAE1BA29D2D00237836 /* iOSTestTests.m */; };
/* End PBXBuildFile section */

/* Begin PBXContainerItemProxy section */
		5AD56CA91BA29D2D00237836 /* PBXContainerItemProxy */ = {
			isa = PBXContainerItemProxy;
			containerPortal = 5AD56C871BA29D2D00237836 /* Project object */;
			proxyType = 1;
			remoteGlobalIDString = 5AD56C8E1BA29D2D00237836;
			remoteInfo = iOSTest;
		};
/* End PBXContainerItemProxy section */

/* Begin PBXFileReference section */
		5A167CEA1BA81FF9000A6633 /* AppDelegate.h */ = {isa = PBXFileReference; fileEncoding = 4; lastKnownFileType = sourcecode.c.h; path = AppDelegate.h; sourceTree = "<group>"; };
		5A167CEB1BA81FF9000A6633 /* AppDelegate.m */ = {isa = PBXFileReference; fileEncoding = 4; lastKnownFileType = sourcecode.c.objc; path = AppDelegate.m; sourceTree = "<group>"; };
		5A167CEC1BA81FF9000A6633 /* CarTableViewCell.h */ = {isa = PBXFileReference; fileEncoding = 4; lastKnownFileType = sourcecode.c.h; path = CarTableViewCell.h; sourceTree = "<group>"; };
		5A167CED1BA81FF9000A6633 /* CarTableViewCell.m */ = {isa = PBXFileReference; fileEncoding = 4; lastKnownFileType = sourcecode.c.objc; path = CarTableViewCell.m; sourceTree = "<group>"; };
		5A167CEE1BA81FF9000A6633 /* CarTableViewController.h */ = {isa = PBXFileReference; fileEncoding = 4; lastKnownFileType = sourcecode.c.h; path = CarTableViewController.h; sourceTree = "<group>"; };
		5A167CEF1BA81FF9000A6633 /* CarTableViewController.m */ = {isa = PBXFileReference; fileEncoding = 4; lastKnownFileType = sourcecode.c.objc; path = CarTableViewController.m; sourceTree = "<group>"; };
		5A167CF01BA81FF9000A6633 /* Images.xcassets */ = {isa = PBXFileReference; lastKnownFileType = folder.assetcatalog; path = Images.xcassets; sourceTree = "<group>"; };
		5A167CF11BA81FF9000A6633 /* Info.plist */ = {isa = PBXFileReference; fileEncoding = 4; lastKnownFileType = text.plist.xml; path = Info.plist; sourceTree = "<group>"; };
		5A167CF31BA81FF9000A6633 /* LaunchScreen.xib */ = {isa = PBXFileReference; fileEncoding = 4; lastKnownFileType = file.xib; path = LaunchScreen.xib; sourceTree = "<group>"; };
		5A167CF41BA81FF9000A6633 /* main.m */ = {isa = PBXFileReference; fileEncoding = 4; lastKnownFileType = sourcecode.c.objc; path = main.m; sourceTree = "<group>"; };
		5A167CF51BA81FF9000A6633 /* Main.storyboard */ = {isa = PBXFileReference; fileEncoding = 4; lastKnownFileType = file.storyboard; path = Main.storyboard; sourceTree = "<group>"; };
		5A167CF61BA81FF9000A6633 /* Scene2ViewController.h */ = {isa = PBXFileReference; fileEncoding = 4; lastKnownFileType = sourcecode.c.h; path = Scene2ViewController.h; sourceTree = "<group>"; };
		5A167CF71BA81FF9000A6633 /* Scene2ViewController.m */ = {isa = PBXFileReference; fileEncoding = 4; lastKnownFileType = sourcecode.c.objc; path = Scene2ViewController.m; sourceTree = "<group>"; };
		5A167CF81BA81FF9000A6633 /* UnitConverterViewController.h */ = {isa = PBXFileReference; fileEncoding = 4; lastKnownFileType = sourcecode.c.h; path = UnitConverterViewController.h; sourceTree = "<group>"; };
		5A167CF91BA81FF9000A6633 /* UnitConverterViewController.m */ = {isa = PBXFileReference; fileEncoding = 4; lastKnownFileType = sourcecode.c.objc; path = UnitConverterViewController.m; sourceTree = "<group>"; };
		5A167D0B1BA82150000A6633 /* carImages */ = {isa = PBXFileReference; lastKnownFileType = folder; path = carImages; sourceTree = "<group>"; };
		5AD56C8F1BA29D2D00237836 /* iOSTest.app */ = {isa = PBXFileReference; explicitFileType = wrapper.application; includeInIndex = 0; path = iOSTest.app; sourceTree = BUILT_PRODUCTS_DIR; };
		5AD56CA81BA29D2D00237836 /* iOSTestTests.xctest */ = {isa = PBXFileReference; explicitFileType = wrapper.cfbundle; includeInIndex = 0; path = iOSTestTests.xctest; sourceTree = BUILT_PRODUCTS_DIR; };
		5AD56CAD1BA29D2D00237836 /* Info.plist */ = {isa = PBXFileReference; lastKnownFileType = text.plist.xml; path = Info.plist; sourceTree = "<group>"; };
		5AD56CAE1BA29D2D00237836 /* iOSTestTests.m */ = {isa = PBXFileReference; lastKnownFileType = sourcecode.c.objc; path = iOSTestTests.m; sourceTree = "<group>"; };
/* End PBXFileReference section */

/* Begin PBXFrameworksBuildPhase section */
		5AD56C8C1BA29D2D00237836 /* Frameworks */ = {
			isa = PBXFrameworksBuildPhase;
			buildActionMask = 2147483647;
			files = (
			);
			runOnlyForDeploymentPostprocessing = 0;
		};
		5AD56CA51BA29D2D00237836 /* Frameworks */ = {
			isa = PBXFrameworksBuildPhase;
			buildActionMask = 2147483647;
			files = (
			);
			runOnlyForDeploymentPostprocessing = 0;
		};
/* End PBXFrameworksBuildPhase section */

/* Begin PBXGroup section */
		5A167CE91BA81FF9000A6633 /* iOSTest */ = {
			isa = PBXGroup;
			children = (
				5A167D0B1BA82150000A6633 /* carImages */,
				5A167CEA1BA81FF9000A6633 /* AppDelegate.h */,
				5A167CEB1BA81FF9000A6633 /* AppDelegate.m */,
				5A167CEC1BA81FF9000A6633 /* CarTableViewCell.h */,
				5A167CED1BA81FF9000A6633 /* CarTableViewCell.m */,
				5A167CEE1BA81FF9000A6633 /* CarTableViewController.h */,
				5A167CEF1BA81FF9000A6633 /* CarTableViewController.m */,
				5A167CF01BA81FF9000A6633 /* Images.xcassets */,
				5A167CF11BA81FF9000A6633 /* Info.plist */,
				5A167CF31BA81FF9000A6633 /* LaunchScreen.xib */,
				5A167CF41BA81FF9000A6633 /* main.m */,
				5A167CF51BA81FF9000A6633 /* Main.storyboard */,
				5A167CF61BA81FF9000A6633 /* Scene2ViewController.h */,
				5A167CF71BA81FF9000A6633 /* Scene2ViewController.m */,
				5A167CF81BA81FF9000A6633 /* UnitConverterViewController.h */,
				5A167CF91BA81FF9000A6633 /* UnitConverterViewController.m */,
			);
			path = iOSTest;
			sourceTree = "<group>";
		};
		5AD56C861BA29D2D00237836 = {
			isa = PBXGroup;
			children = (
				5A167CE91BA81FF9000A6633 /* iOSTest */,
				5AD56CAB1BA29D2D00237836 /* iOSTestTests */,
				5AD56C901BA29D2D00237836 /* Products */,
			);
			sourceTree = "<group>";
		};
		5AD56C901BA29D2D00237836 /* Products */ = {
			isa = PBXGroup;
			children = (
				5AD56C8F1BA29D2D00237836 /* iOSTest.app */,
				5AD56CA81BA29D2D00237836 /* iOSTestTests.xctest */,
			);
			name = Products;
			sourceTree = "<group>";
		};
		5AD56CAB1BA29D2D00237836 /* iOSTestTests */ = {
			isa = PBXGroup;
			children = (
				5AD56CAE1BA29D2D00237836 /* iOSTestTests.m */,
				5AD56CAC1BA29D2D00237836 /* Supporting Files */,
			);
			path = iOSTestTests;
			sourceTree = "<group>";
		};
		5AD56CAC1BA29D2D00237836 /* Supporting Files */ = {
			isa = PBXGroup;
			children = (
				5AD56CAD1BA29D2D00237836 /* Info.plist */,
			);
			name = "Supporting Files";
			sourceTree = "<group>";
		};
/* End PBXGroup section */

/* Begin PBXNativeTarget section */
		5AD56C8E1BA29D2D00237836 /* iOSTest */ = {
			isa = PBXNativeTarget;
			buildConfigurationList = 5AD56CB21BA29D2D00237836 /* Build configuration list for PBXNativeTarget "iOSTest" */;
			buildPhases = (
				5AD56C8B1BA29D2D00237836 /* Sources */,
				5AD56C8C1BA29D2D00237836 /* Frameworks */,
				5AD56C8D1BA29D2D00237836 /* Resources */,
			);
			buildRules = (
			);
			dependencies = (
			);
			name = iOSTest;
			productName = iOSTest;
			productReference = 5AD56C8F1BA29D2D00237836 /* iOSTest.app */;
			productType = "com.apple.product-type.application";
		};
		5AD56CA71BA29D2D00237836 /* iOSTestTests */ = {
			isa = PBXNativeTarget;
			buildConfigurationList = 5AD56CB51BA29D2D00237836 /* Build configuration list for PBXNativeTarget "iOSTestTests" */;
			buildPhases = (
				5AD56CA41BA29D2D00237836 /* Sources */,
				5AD56CA51BA29D2D00237836 /* Frameworks */,
				5AD56CA61BA29D2D00237836 /* Resources */,
			);
			buildRules = (
			);
			dependencies = (
				5AD56CAA1BA29D2D00237836 /* PBXTargetDependency */,
			);
			name = iOSTestTests;
			productName = iOSTestTests;
			productReference = 5AD56CA81BA29D2D00237836 /* iOSTestTests.xctest */;
			productType = "com.apple.product-type.bundle.unit-test";
		};
/* End PBXNativeTarget section */

/* Begin PBXProject section */
		5AD56C871BA29D2D00237836 /* Project object */ = {
			isa = PBXProject;
			attributes = {
				LastUpgradeCheck = 0640;
				ORGANIZATIONNAME = "Philip Cesar Garay";
				TargetAttributes = {
					5AD56C8E1BA29D2D00237836 = {
						CreatedOnToolsVersion = 6.4;
					};
					5AD56CA71BA29D2D00237836 = {
						CreatedOnToolsVersion = 6.4;
						TestTargetID = 5AD56C8E1BA29D2D00237836;
					};
				};
			};
			buildConfigurationList = 5AD56C8A1BA29D2D00237836 /* Build configuration list for PBXProject "iOSTest" */;
			compatibilityVersion = "Xcode 3.2";
			developmentRegion = English;
			hasScannedForEncodings = 0;
			knownRegions = (
				en,
				Base,
			);
			mainGroup = 5AD56C861BA29D2D00237836;
			productRefGroup = 5AD56C901BA29D2D00237836 /* Products */;
			projectDirPath = "";
			projectRoot = "";
			targets = (
				5AD56C8E1BA29D2D00237836 /* iOSTest */,
				5AD56CA71BA29D2D00237836 /* iOSTestTests */,
			);
		};
/* End PBXProject section */

/* Begin PBXResourcesBuildPhase section */
		5AD56C8D1BA29D2D00237836 /* Resources */ = {
			isa = PBXResourcesBuildPhase;
			buildActionMask = 2147483647;
			files = (
				5A167D001BA81FF9000A6633 /* LaunchScreen.xib in Resources */,
				5A167D0C1BA82150000A6633 /* carImages in Resources */,
				5A167D021BA81FF9000A6633 /* Main.storyboard in Resources */,
				5A167CFE1BA81FF9000A6633 /* Info.plist in Resources */,
				5A167CFD1BA81FF9000A6633 /* Images.xcassets in Resources */,
			);
			runOnlyForDeploymentPostprocessing = 0;
		};
		5AD56CA61BA29D2D00237836 /* Resources */ = {
			isa = PBXResourcesBuildPhase;
			buildActionMask = 2147483647;
			files = (
			);
			runOnlyForDeploymentPostprocessing = 0;
		};
/* End PBXResourcesBuildPhase section */

/* Begin PBXSourcesBuildPhase section */
		5AD56C8B1BA29D2D00237836 /* Sources */ = {
			isa = PBXSourcesBuildPhase;
			buildActionMask = 2147483647;
			files = (
				5A167CFB1BA81FF9000A6633 /* CarTableViewCell.m in Sources */,
				5A167CFA1BA81FF9000A6633 /* AppDelegate.m in Sources */,
				5A167D011BA81FF9000A6633 /* main.m in Sources */,
				5A167D031BA81FF9000A6633 /* Scene2ViewController.m in Sources */,
				5A167CFC1BA81FF9000A6633 /* CarTableViewController.m in Sources */,
				5A167D041BA81FF9000A6633 /* UnitConverterViewController.m in Sources */,
			);
			runOnlyForDeploymentPostprocessing = 0;
		};
		5AD56CA41BA29D2D00237836 /* Sources */ = {
			isa = PBXSourcesBuildPhase;
			buildActionMask = 2147483647;
			files = (
				5AD56CAF1BA29D2D00237836 /* iOSTestTests.m in Sources */,
			);
			runOnlyForDeploymentPostprocessing = 0;
		};
/* End PBXSourcesBuildPhase section */

/* Begin PBXTargetDependency section */
		5AD56CAA1BA29D2D00237836 /* PBXTargetDependency */ = {
			isa = PBXTargetDependency;
			target = 5AD56C8E1BA29D2D00237836 /* iOSTest */;
			targetProxy = 5AD56CA91BA29D2D00237836 /* PBXContainerItemProxy */;
		};
/* End PBXTargetDependency section */

/* Begin XCBuildConfiguration section */
		5AD56CB01BA29D2D00237836 /* Debug */ = {
			isa = XCBuildConfiguration;
			buildSettings = {
				ALWAYS_SEARCH_USER_PATHS = NO;
				CLANG_CXX_LANGUAGE_STANDARD = "gnu++0x";
				CLANG_CXX_LIBRARY = "libc++";
				CLANG_ENABLE_MODULES = YES;
				CLANG_ENABLE_OBJC_ARC = YES;
				CLANG_WARN_BOOL_CONVERSION = YES;
				CLANG_WARN_CONSTANT_CONVERSION = YES;
				CLANG_WARN_DIRECT_OBJC_ISA_USAGE = YES_ERROR;
				CLANG_WARN_EMPTY_BODY = YES;
				CLANG_WARN_ENUM_CONVERSION = YES;
				CLANG_WARN_INT_CONVERSION = YES;
				CLANG_WARN_OBJC_ROOT_CLASS = YES_ERROR;
				CLANG_WARN_UNREACHABLE_CODE = YES;
				CLANG_WARN__DUPLICATE_METHOD_MATCH = YES;
				"CODE_SIGN_IDENTITY[sdk=iphoneos*]" = "iPhone Developer";
				COPY_PHASE_STRIP = NO;
				DEBUG_INFORMATION_FORMAT = "dwarf-with-dsym";
				ENABLE_STRICT_OBJC_MSGSEND = YES;
				GCC_C_LANGUAGE_STANDARD = gnu99;
				GCC_DYNAMIC_NO_PIC = NO;
				GCC_NO_COMMON_BLOCKS = YES;
				GCC_OPTIMIZATION_LEVEL = 0;
				GCC_PREPROCESSOR_DEFINITIONS = (
					"DEBUG=1",
					"$(inherited)",
				);
				GCC_SYMBOLS_PRIVATE_EXTERN = NO;
				GCC_WARN_64_TO_32_BIT_CONVERSION = YES;
				GCC_WARN_ABOUT_RETURN_TYPE = YES_ERROR;
				GCC_WARN_UNDECLARED_SELECTOR = YES;
				GCC_WARN_UNINITIALIZED_AUTOS = YES_AGGRESSIVE;
				GCC_WARN_UNUSED_FUNCTION = YES;
				GCC_WARN_UNUSED_VARIABLE = YES;
				IPHONEOS_DEPLOYMENT_TARGET = 8.4;
				MTL_ENABLE_DEBUG_INFO = YES;
				ONLY_ACTIVE_ARCH = YES;
				SDKROOT = iphoneos;
				TARGETED_DEVICE_FAMILY = "1,2";
			};
			name = Debug;
		};
		5AD56CB11BA29D2D00237836 /* Release */ = {
			isa = XCBuildConfiguration;
			buildSettings = {
				ALWAYS_SEARCH_USER_PATHS = NO;
				CLANG_CXX_LANGUAGE_STANDARD = "gnu++0x";
				CLANG_CXX_LIBRARY = "libc++";
				CLANG_ENABLE_MODULES = YES;
				CLANG_ENABLE_OBJC_ARC = YES;
				CLANG_WARN_BOOL_CONVERSION = YES;
				CLANG_WARN_CONSTANT_CONVERSION = YES;
				CLANG_WARN_DIRECT_OBJC_ISA_USAGE = YES_ERROR;
				CLANG_WARN_EMPTY_BODY = YES;
				CLANG_WARN_ENUM_CONVERSION = YES;
				CLANG_WARN_INT_CONVERSION = YES;
				CLANG_WARN_OBJC_ROOT_CLASS = YES_ERROR;
				CLANG_WARN_UNREACHABLE_CODE = YES;
				CLANG_WARN__DUPLICATE_METHOD_MATCH = YES;
				"CODE_SIGN_IDENTITY[sdk=iphoneos*]" = "iPhone Developer";
				COPY_PHASE_STRIP = NO;
				DEBUG_INFORMATION_FORMAT = "dwarf-with-dsym";
				ENABLE_NS_ASSERTIONS = NO;
				ENABLE_STRICT_OBJC_MSGSEND = YES;
				GCC_C_LANGUAGE_STANDARD = gnu99;
				GCC_NO_COMMON_BLOCKS = YES;
				GCC_WARN_64_TO_32_BIT_CONVERSION = YES;
				GCC_WARN_ABOUT_RETURN_TYPE = YES_ERROR;
				GCC_WARN_UNDECLARED_SELECTOR = YES;
				GCC_WARN_UNINITIALIZED_AUTOS = YES_AGGRESSIVE;
				GCC_WARN_UNUSED_FUNCTION = YES;
				GCC_WARN_UNUSED_VARIABLE = YES;
				IPHONEOS_DEPLOYMENT_TARGET = 8.4;
				MTL_ENABLE_DEBUG_INFO = NO;
				SDKROOT = iphoneos;
				TARGETED_DEVICE_FAMILY = "1,2";
				VALIDATE_PRODUCT = YES;
			};
			name = Release;
		};
		5AD56CB31BA29D2D00237836 /* Debug */ = {
			isa = XCBuildConfiguration;
			buildSettings = {
				ASSETCATALOG_COMPILER_APPICON_NAME = AppIcon;
				INFOPLIST_FILE = iOSTest/Info.plist;
				LD_RUNPATH_SEARCH_PATHS = "$(inherited) @executable_path/Frameworks";
				PRODUCT_NAME = "$(TARGET_NAME)";
			};
			name = Debug;
		};
		5AD56CB41BA29D2D00237836 /* Release */ = {
			isa = XCBuildConfiguration;
			buildSettings = {
				ASSETCATALOG_COMPILER_APPICON_NAME = AppIcon;
				INFOPLIST_FILE = iOSTest/Info.plist;
				LD_RUNPATH_SEARCH_PATHS = "$(inherited) @executable_path/Frameworks";
				PRODUCT_NAME = "$(TARGET_NAME)";
			};
			name = Release;
		};
		5AD56CB61BA29D2D00237836 /* Debug */ = {
			isa = XCBuildConfiguration;
			buildSettings = {
				BUNDLE_LOADER = "$(TEST_HOST)";
				FRAMEWORK_SEARCH_PATHS = (
					"$(SDKROOT)/Developer/Library/Frameworks",
					"$(inherited)",
				);
				GCC_PREPROCESSOR_DEFINITIONS = (
					"DEBUG=1",
					"$(inherited)",
				);
				INFOPLIST_FILE = iOSTestTests/Info.plist;
				LD_RUNPATH_SEARCH_PATHS = "$(inherited) @executable_path/Frameworks @loader_path/Frameworks";
				PRODUCT_NAME = "$(TARGET_NAME)";
				TEST_HOST = "$(BUILT_PRODUCTS_DIR)/iOSTest.app/iOSTest";
			};
			name = Debug;
		};
		5AD56CB71BA29D2D00237836 /* Release */ = {
			isa = XCBuildConfiguration;
			buildSettings = {
				BUNDLE_LOADER = "$(TEST_HOST)";
				FRAMEWORK_SEARCH_PATHS = (
					"$(SDKROOT)/Developer/Library/Frameworks",
					"$(inherited)",
				);
				INFOPLIST_FILE = iOSTestTests/Info.plist;
				LD_RUNPATH_SEARCH_PATHS = "$(inherited) @executable_path/Frameworks @loader_path/Frameworks";
				PRODUCT_NAME = "$(TARGET_NAME)";
				TEST_HOST = "$(BUILT_PRODUCTS_DIR)/iOSTest.app/iOSTest";
			};
			name = Release;
		};
/* End XCBuildConfiguration section */

/* Begin XCConfigurationList section */
		5AD56C8A1BA29D2D00237836 /* Build configuration list for PBXProject "iOSTest" */ = {
			isa = XCConfigurationList;
			buildConfigurations = (
				5AD56CB01BA29D2D00237836 /* Debug */,
				5AD56CB11BA29D2D00237836 /* Release */,
			);
			defaultConfigurationIsVisible = 0;
			defaultConfigurationName = Release;
		};
		5AD56CB21BA29D2D00237836 /* Build configuration list for PBXNativeTarget "iOSTest" */ = {
			isa = XCConfigurationList;
			buildConfigurations = (
				5AD56CB31BA29D2D00237836 /* Debug */,
				5AD56CB41BA29D2D00237836 /* Release */,
			);
			defaultConfigurationIsVisible = 0;
			defaultConfigurationName = Release;
		};
		5AD56CB51BA29D2D00237836 /* Build configuration list for PBXNativeTarget "iOSTestTests" */ = {
			isa = XCConfigurationList;
			buildConfigurations = (
				5AD56CB61BA29D2D00237836 /* Debug */,
				5AD56CB71BA29D2D00237836 /* Release */,
			);
			defaultConfigurationIsVisible = 0;
			defaultConfigurationName = Release;
		};
/* End XCConfigurationList section */
	};
	rootObject = 5AD56C871BA29D2D00237836 /* Project object */;
}
